
Microsoft Visual Studio Solution File, Format Version 12.00
# Visual Studio 15
Project("{FAE04EC0-301F-11D3-BF4B-00C04F79EFBC}") = "Unity.XR.Interaction.Toolkit.Samples.StarterAssets", "Unity.XR.Interaction.Toolkit.Samples.StarterAssets.csproj", "{4EB5B2D2-4C18-AC94-89D3-CE23508EF137}"
EndProject
Project("{FAE04EC0-301F-11D3-BF4B-00C04F79EFBC}") = "Assembly-CSharp", "Assembly-CSharp.csproj", "{7BB70571-74D1-B8A9-A4E3-CC4A9997D5C2}"
EndProject
Project("{FAE04EC0-301F-11D3-BF4B-00C04F79EFBC}") = "Unity.XR.Interaction.Toolkit.Samples.DeviceSimulator", "Unity.XR.Interaction.Toolkit.Samples.DeviceSimulator.csproj", "{99D5C514-0242-B760-5C68-76BF81187026}"
EndProject
Project("{FAE04EC0-301F-11D3-BF4B-00C04F79EFBC}") = "Unity.XR.Interaction.Toolkit.Samples.StarterAssets.Editor", "Unity.XR.Interaction.Toolkit.Samples.StarterAssets.Editor.csproj", "{0049F2B4-A0E2-A443-702B-63C08385F741}"
EndProject
Global
	GlobalSection(SolutionConfigurationPlatforms) = preSolution
		Debug|Any CPU = Debug|Any CPU
		Release|Any CPU = Release|Any CPU
	EndGlobalSection
	GlobalSection(ProjectConfigurationPlatforms) = postSolution
		{4EB5B2D2-4C18-AC94-89D3-CE23508EF137}.Debug|Any CPU.ActiveCfg = Debug|Any CPU
		{4EB5B2D2-4C18-AC94-89D3-CE23508EF137}.Debug|Any CPU.Build.0 = Debug|Any CPU
		{4EB5B2D2-4C18-AC94-89D3-CE23508EF137}.Release|Any CPU.ActiveCfg = Release|Any CPU
		{4EB5B2D2-4C18-AC94-89D3-CE23508EF137}.Release|Any CPU.Build.0 = Release|Any CPU
		{7BB70571-74D1-B8A9-A4E3-CC4A9997D5C2}.Debug|Any CPU.ActiveCfg = Debug|Any CPU
		{7BB70571-74D1-B8A9-A4E3-CC4A9997D5C2}.Debug|Any CPU.Build.0 = Debug|Any CPU
		{7BB70571-74D1-B8A9-A4E3-CC4A9997D5C2}.Release|Any CPU.ActiveCfg = Release|Any CPU
		{7BB70571-74D1-B8A9-A4E3-CC4A9997D5C2}.Release|Any CPU.Build.0 = Release|Any CPU
		{99D5C514-0242-B760-5C68-76BF81187026}.Debug|Any CPU.ActiveCfg = Debug|Any CPU
		{99D5C514-0242-B760-5C68-76BF81187026}.Debug|Any CPU.Build.0 = Debug|Any CPU
		{99D5C514-0242-B760-5C68-76BF81187026}.Release|Any CPU.ActiveCfg = Release|Any CPU
		{99D5C514-0242-B760-5C68-76BF81187026}.Release|Any CPU.Build.0 = Release|Any CPU
		{0049F2B4-A0E2-A443-702B-63C08385F741}.Debug|Any CPU.ActiveCfg = Debug|Any CPU
		{0049F2B4-A0E2-A443-702B-63C08385F741}.Debug|Any CPU.Build.0 = Debug|Any CPU
		{0049F2B4-A0E2-A443-702B-63C08385F741}.Release|Any CPU.ActiveCfg = Release|Any CPU
		{0049F2B4-A0E2-A443-702B-63C08385F741}.Release|Any CPU.Build.0 = Release|Any CPU
	EndGlobalSection
	GlobalSection(SolutionProperties) = preSolution
		HideSolutionNode = FALSE
	EndGlobalSection
EndGlobal
